// !$*UTF8*$!
{
	archiveVersion = 1;
	classes = {
	};
	objectVersion = 77;
	objects = {

/* Begin PBXContainerItemProxy section */
		1507234E2DDF4F4200818E08 /* PBXContainerItemProxy */ = {
			isa = PBXContainerItemProxy;
			containerPortal = 150723352DDF4F3800818E08 /* Project object */;
			proxyType = 1;
			remoteGlobalIDString = 1507233C2DDF4F3800818E08;
			remoteInfo = FoodAnalyzer;
		};
		150723582DDF4F4200818E08 /* PBXContainerItemProxy */ = {
			isa = PBXContainerItemProxy;
			containerPortal = 150723352DDF4F3800818E08 /* Project object */;
			proxyType = 1;
			remoteGlobalIDString = 1507233C2DDF4F3800818E08;
			remoteInfo = FoodAnalyzer;
		};
/* End PBXContainerItemProxy section */

/* Begin PBXFileReference section */
		1507233D2DDF4F3800818E08 /* FoodAnalyzer.app */ = {isa = PBXFileReference; explicitFileType = wrapper.application; includeInIndex = 0; path = FoodAnalyzer.app; sourceTree = BUILT_PRODUCTS_DIR; };
		1507234D2DDF4F4200818E08 /* FoodAnalyzerTests.xctest */ = {isa = PBXFileReference; explicitFileType = wrapper.cfbundle; includeInIndex = 0; path = FoodAnalyzerTests.xctest; sourceTree = BUILT_PRODUCTS_DIR; };
		150723572DDF4F4200818E08 /* FoodAnalyzerUITests.xctest */ = {isa = PBXFileReference; explicitFileType = wrapper.cfbundle; includeInIndex = 0; path = FoodAnalyzerUITests.xctest; sourceTree = BUILT_PRODUCTS_DIR; };
/* End PBXFileReference section */

/* Begin PBXFileSystemSynchronizedBuildFileExceptionSet section */
		1507262A2DE19BAE00818E08 /* Exceptions for "FoodAnalyzer" folder in "FoodAnalyzer" target */ = {
			isa = PBXFileSystemSynchronizedBuildFileExceptionSet;
			membershipExceptions = (
				Localizable.xcstrings,
			);
			target = 1507233C2DDF4F3800818E08 /* FoodAnalyzer */;
		};
/* End PBXFileSystemSynchronizedBuildFileExceptionSet section */

/* Begin PBXFileSystemSynchronizedGroupBuildPhaseMembershipExceptionSet section */
		150726822DE19ED300818E08 /* Exceptions for "FoodAnalyzer" folder in "Compile Sources" phase from "FoodAnalyzer" target */ = {
			isa = PBXFileSystemSynchronizedGroupBuildPhaseMembershipExceptionSet;
			buildPhase = 150723392DDF4F3800818E08 /* Sources */;
			membershipExceptions = (
				Localizable.xcstrings,
			);
		};
/* End PBXFileSystemSynchronizedGroupBuildPhaseMembershipExceptionSet section */

/* Begin PBXFileSystemSynchronizedRootGroup section */
		1507233F2DDF4F3800818E08 /* FoodAnalyzer */ = {
			isa = PBXFileSystemSynchronizedRootGroup;
			exceptions = (
				1507262A2DE19BAE00818E08 /* Exceptions for "FoodAnalyzer" folder in "FoodAnalyzer" target */,
				150726822DE19ED300818E08 /* Exceptions for "FoodAnalyzer" folder in "Compile Sources" phase from "FoodAnalyzer" target */,
			);
			path = FoodAnalyzer;
			sourceTree = "<group>";
		};
		150723502DDF4F4200818E08 /* FoodAnalyzerTests */ = {
			isa = PBXFileSystemSynchronizedRootGroup;
			path = FoodAnalyzerTests;
			sourceTree = "<group>";
		};
		1507235A2DDF4F4200818E08 /* FoodAnalyzerUITests */ = {
			isa = PBXFileSystemSynchronizedRootGroup;
			path = FoodAnalyzerUITests;
			sourceTree = "<group>";
		};
/* End PBXFileSystemSynchronizedRootGroup section */

/* Begin PBXFrameworksBuildPhase section */
		1507233A2DDF4F3800818E08 /* Frameworks */ = {
			isa = PBXFrameworksBuildPhase;
			buildActionMask = 2147483647;
			files = (
			);
			runOnlyForDeploymentPostprocessing = 0;
		};
		1507234A2DDF4F4200818E08 /* Frameworks */ = {
			isa = PBXFrameworksBuildPhase;
			buildActionMask = 2147483647;
			files = (
			);
			runOnlyForDeploymentPostprocessing = 0;
		};
		150723542DDF4F4200818E08 /* Frameworks */ = {
			isa = PBXFrameworksBuildPhase;
			buildActionMask = 2147483647;
			files = (
			);
			runOnlyForDeploymentPostprocessing = 0;
		};
/* End PBXFrameworksBuildPhase section */

/* Begin PBXGroup section */
		150723342DDF4F3800818E08 = {
			isa = PBXGroup;
			children = (
				1507233F2DDF4F3800818E08 /* FoodAnalyzer */,
				150723502DDF4F4200818E08 /* FoodAnalyzerTests */,
				1507235A2DDF4F4200818E08 /* FoodAnalyzerUITests */,
				1507233E2DDF4F3800818E08 /* Products */,
			);
			sourceTree = "<group>";
		};
		1507233E2DDF4F3800818E08 /* Products */ = {
			isa = PBXGroup;
			children = (
				1507233D2DDF4F3800818E08 /* FoodAnalyzer.app */,
				1507234D2DDF4F4200818E08 /* FoodAnalyzerTests.xctest */,
				150723572DDF4F4200818E08 /* FoodAnalyzerUITests.xctest */,
			);
			name = Products;
			sourceTree = "<group>";
		};
/* End PBXGroup section */

/* Begin PBXNativeTarget section */
		1507233C2DDF4F3800818E08 /* FoodAnalyzer */ = {
			isa = PBXNativeTarget;
			buildConfigurationList = 150723612DDF4F4200818E08 /* Build configuration list for PBXNativeTarget "FoodAnalyzer" */;
			buildPhases = (
				150723392DDF4F3800818E08 /* Sources */,
				1507233A2DDF4F3800818E08 /* Frameworks */,
				1507233B2DDF4F3800818E08 /* Resources */,
			);
			buildRules = (
			);
			dependencies = (
			);
			fileSystemSynchronizedGroups = (
				1507233F2DDF4F3800818E08 /* FoodAnalyzer */,
			);
			name = FoodAnalyzer;
			packageProductDependencies = (
			);
			productName = FoodAnalyzer;
			productReference = 1507233D2DDF4F3800818E08 /* FoodAnalyzer.app */;
			productType = "com.apple.product-type.application";
		};
		1507234C2DDF4F4200818E08 /* FoodAnalyzerTests */ = {
			isa = PBXNativeTarget;
			buildConfigurationList = 150723642DDF4F4200818E08 /* Build configuration list for PBXNativeTarget "FoodAnalyzerTests" */;
			buildPhases = (
				150723492DDF4F4200818E08 /* Sources */,
				1507234A2DDF4F4200818E08 /* Frameworks */,
				1507234B2DDF4F4200818E08 /* Resources */,
			);
			buildRules = (
			);
			dependencies = (
				1507234F2DDF4F4200818E08 /* PBXTargetDependency */,
			);
			fileSystemSynchronizedGroups = (
				150723502DDF4F4200818E08 /* FoodAnalyzerTests */,
			);
			name = FoodAnalyzerTests;
			packageProductDependencies = (
			);
			productName = FoodAnalyzerTests;
			productReference = 1507234D2DDF4F4200818E08 /* FoodAnalyzerTests.xctest */;
			productType = "com.apple.product-type.bundle.unit-test";
		};
		150723562DDF4F4200818E08 /* FoodAnalyzerUITests */ = {
			isa = PBXNativeTarget;
			buildConfigurationList = 150723672DDF4F4200818E08 /* Build configuration list for PBXNativeTarget "FoodAnalyzerUITests" */;
			buildPhases = (
				150723532DDF4F4200818E08 /* Sources */,
				150723542DDF4F4200818E08 /* Frameworks */,
				150723552DDF4F4200818E08 /* Resources */,
			);
			buildRules = (
			);
			dependencies = (
				150723592DDF4F4200818E08 /* PBXTargetDependency */,
			);
			fileSystemSynchronizedGroups = (
				1507235A2DDF4F4200818E08 /* FoodAnalyzerUITests */,
			);
			name = FoodAnalyzerUITests;
			packageProductDependencies = (
			);
			productName = FoodAnalyzerUITests;
			productReference = 150723572DDF4F4200818E08 /* FoodAnalyzerUITests.xctest */;
			productType = "com.apple.product-type.bundle.ui-testing";
		};
/* End PBXNativeTarget section */

/* Begin PBXProject section */
		150723352DDF4F3800818E08 /* Project object */ = {
			isa = PBXProject;
			attributes = {
				BuildIndependentTargetsInParallel = 1;
				LastSwiftUpdateCheck = 1610;
				LastUpgradeCheck = 1610;
				TargetAttributes = {
					1507233C2DDF4F3800818E08 = {
						CreatedOnToolsVersion = 16.1;
					};
					1507234C2DDF4F4200818E08 = {
						CreatedOnToolsVersion = 16.1;
						TestTargetID = 1507233C2DDF4F3800818E08;
					};
					150723562DDF4F4200818E08 = {
						CreatedOnToolsVersion = 16.1;
						TestTargetID = 1507233C2DDF4F3800818E08;
					};
				};
			};
			buildConfigurationList = 150723382DDF4F3800818E08 /* Build configuration list for PBXProject "FoodAnalyzer" */;
			developmentRegion = en;
			hasScannedForEncodings = 0;
			knownRegions = (
				en,
				Base,
			);
			mainGroup = 150723342DDF4F3800818E08;
			minimizedProjectReferenceProxies = 1;
			preferredProjectObjectVersion = 77;
			productRefGroup = 1507233E2DDF4F3800818E08 /* Products */;
			projectDirPath = "";
			projectRoot = "";
			targets = (
				1507233C2DDF4F3800818E08 /* FoodAnalyzer */,
				1507234C2DDF4F4200818E08 /* FoodAnalyzerTests */,
				150723562DDF4F4200818E08 /* FoodAnalyzerUITests */,
			);
		};
/* End PBXProject section */

/* Begin PBXResourcesBuildPhase section */
		1507233B2DDF4F3800818E08 /* Resources */ = {
			isa = PBXResourcesBuildPhase;
			buildActionMask = 2147483647;
			files = (
			);
			runOnlyForDeploymentPostprocessing = 0;
		};
		1507234B2DDF4F4200818E08 /* Resources */ = {
			isa = PBXResourcesBuildPhase;
			buildActionMask = 2147483647;
			files = (
			);
			runOnlyForDeploymentPostprocessing = 0;
		};
		150723552DDF4F4200818E08 /* Resources */ = {
			isa = PBXResourcesBuildPhase;
			buildActionMask = 2147483647;
			files = (
			);
			runOnlyForDeploymentPostprocessing = 0;
		};
/* End PBXResourcesBuildPhase section */

/* Begin PBXSourcesBuildPhase section */
		150723392DDF4F3800818E08 /* Sources */ = {
			isa = PBXSourcesBuildPhase;
			buildActionMask = 2147483647;
			files = (
			);
			runOnlyForDeploymentPostprocessing = 0;
		};
		150723492DDF4F4200818E08 /* Sources */ = {
			isa = PBXSourcesBuildPhase;
			buildActionMask = 2147483647;
			files = (
			);
			runOnlyForDeploymentPostprocessing = 0;
		};
		150723532DDF4F4200818E08 /* Sources */ = {
			isa = PBXSourcesBuildPhase;
			buildActionMask = 2147483647;
			files = (
			);
			runOnlyForDeploymentPostprocessing = 0;
		};
/* End PBXSourcesBuildPhase section */

/* Begin PBXTargetDependency section */
		1507234F2DDF4F4200818E08 /* PBXTargetDependency */ = {
			isa = PBXTargetDependency;
			target = 1507233C2DDF4F3800818E08 /* FoodAnalyzer */;
			targetProxy = 1507234E2DDF4F4200818E08 /* PBXContainerItemProxy */;
		};
		150723592DDF4F4200818E08 /* PBXTargetDependency */ = {
			isa = PBXTargetDependency;
			target = 1507233C2DDF4F3800818E08 /* FoodAnalyzer */;
			targetProxy = 150723582DDF4F4200818E08 /* PBXContainerItemProxy */;
		};
/* End PBXTargetDependency section */

/* Begin XCBuildConfiguration section */
		1507235F2DDF4F4200818E08 /* Debug */ = {
			isa = XCBuildConfiguration;
			buildSettings = {
				ALWAYS_SEARCH_USER_PATHS = NO;
				ASSETCATALOG_COMPILER_GENERATE_SWIFT_ASSET_SYMBOL_EXTENSIONS = YES;
				CLANG_ANALYZER_NONNULL = YES;
				CLANG_ANALYZER_NUMBER_OBJECT_CONVERSION = YES_AGGRESSIVE;
				CLANG_CXX_LANGUAGE_STANDARD = "gnu++20";
				CLANG_ENABLE_MODULES = YES;
				CLANG_ENABLE_OBJC_ARC = YES;
				CLANG_ENABLE_OBJC_WEAK = YES;
				CLANG_WARN_BLOCK_CAPTURE_AUTORELEASING = YES;
				CLANG_WARN_BOOL_CONVERSION = YES;
				CLANG_WARN_COMMA = YES;
				CLANG_WARN_CONSTANT_CONVERSION = YES;
				CLANG_WARN_DEPRECATED_OBJC_IMPLEMENTATIONS = YES;
				CLANG_WARN_DIRECT_OBJC_ISA_USAGE = YES_ERROR;
				CLANG_WARN_DOCUMENTATION_COMMENTS = YES;
				CLANG_WARN_EMPTY_BODY = YES;
				CLANG_WARN_ENUM_CONVERSION = YES;
				CLANG_WARN_INFINITE_RECURSION = YES;
				CLANG_WARN_INT_CONVERSION = YES;
				CLANG_WARN_NON_LITERAL_NULL_CONVERSION = YES;
				CLANG_WARN_OBJC_IMPLICIT_RETAIN_SELF = YES;
				CLANG_WARN_OBJC_LITERAL_CONVERSION = YES;
				CLANG_WARN_OBJC_ROOT_CLASS = YES_ERROR;
				CLANG_WARN_QUOTED_INCLUDE_IN_FRAMEWORK_HEADER = YES;
				CLANG_WARN_RANGE_LOOP_ANALYSIS = YES;
				CLANG_WARN_STRICT_PROTOTYPES = YES;
				CLANG_WARN_SUSPICIOUS_MOVE = YES;
				CLANG_WARN_UNGUARDED_AVAILABILITY = YES_AGGRESSIVE;
				CLANG_WARN_UNREACHABLE_CODE = YES;
				CLANG_WARN__DUPLICATE_METHOD_MATCH = YES;
				COPY_PHASE_STRIP = NO;
				DEBUG_INFORMATION_FORMAT = dwarf;
				ENABLE_STRICT_OBJC_MSGSEND = YES;
				ENABLE_TESTABILITY = YES;
				ENABLE_USER_SCRIPT_SANDBOXING = YES;
				GCC_C_LANGUAGE_STANDARD = gnu17;
				GCC_DYNAMIC_NO_PIC = NO;
				GCC_NO_COMMON_BLOCKS = YES;
				GCC_OPTIMIZATION_LEVEL = 0;
				GCC_PREPROCESSOR_DEFINITIONS = (
					"DEBUG=1",
					"$(inherited)",
				);
				GCC_WARN_64_TO_32_BIT_CONVERSION = YES;
				GCC_WARN_ABOUT_RETURN_TYPE = YES_ERROR;
				GCC_WARN_UNDECLARED_SELECTOR = YES;
				GCC_WARN_UNINITIALIZED_AUTOS = YES_AGGRESSIVE;
				GCC_WARN_UNUSED_FUNCTION = YES;
				GCC_WARN_UNUSED_VARIABLE = YES;
				IPHONEOS_DEPLOYMENT_TARGET = 18.1;
				LOCALIZATION_PREFERS_STRING_CATALOGS = YES;
				MTL_ENABLE_DEBUG_INFO = INCLUDE_SOURCE;
				MTL_FAST_MATH = YES;
				ONLY_ACTIVE_ARCH = YES;
				SDKROOT = iphoneos;
				SWIFT_ACTIVE_COMPILATION_CONDITIONS = "DEBUG $(inherited)";
				SWIFT_OPTIMIZATION_LEVEL = "-Onone";
			};
			name = Debug;
		};
		150723602DDF4F4200818E08 /* Release */ = {
			isa = XCBuildConfiguration;
			buildSettings = {
				ALWAYS_SEARCH_USER_PATHS = NO;
				ASSETCATALOG_COMPILER_GENERATE_SWIFT_ASSET_SYMBOL_EXTENSIONS = YES;
				CLANG_ANALYZER_NONNULL = YES;
				CLANG_ANALYZER_NUMBER_OBJECT_CONVERSION = YES_AGGRESSIVE;
				CLANG_CXX_LANGUAGE_STANDARD = "gnu++20";
				CLANG_ENABLE_MODULES = YES;
				CLANG_ENABLE_OBJC_ARC = YES;
				CLANG_ENABLE_OBJC_WEAK = YES;
				CLANG_WARN_BLOCK_CAPTURE_AUTORELEASING = YES;
				CLANG_WARN_BOOL_CONVERSION = YES;
				CLANG_WARN_COMMA = YES;
				CLANG_WARN_CONSTANT_CONVERSION = YES;
				CLANG_WARN_DEPRECATED_OBJC_IMPLEMENTATIONS = YES;
				CLANG_WARN_DIRECT_OBJC_ISA_USAGE = YES_ERROR;
				CLANG_WARN_DOCUMENTATION_COMMENTS = YES;
				CLANG_WARN_EMPTY_BODY = YES;
				CLANG_WARN_ENUM_CONVERSION = YES;
				CLANG_WARN_INFINITE_RECURSION = YES;
				CLANG_WARN_INT_CONVERSION = YES;
				CLANG_WARN_NON_LITERAL_NULL_CONVERSION = YES;
				CLANG_WARN_OBJC_IMPLICIT_RETAIN_SELF = YES;
				CLANG_WARN_OBJC_LITERAL_CONVERSION = YES;
				CLANG_WARN_OBJC_ROOT_CLASS = YES_ERROR;
				CLANG_WARN_QUOTED_INCLUDE_IN_FRAMEWORK_HEADER = YES;
				CLANG_WARN_RANGE_LOOP_ANALYSIS = YES;
				CLANG_WARN_STRICT_PROTOTYPES = YES;
				CLANG_WARN_SUSPICIOUS_MOVE = YES;
				CLANG_WARN_UNGUARDED_AVAILABILITY = YES_AGGRESSIVE;
				CLANG_WARN_UNREACHABLE_CODE = YES;
				CLANG_WARN__DUPLICATE_METHOD_MATCH = YES;
				COPY_PHASE_STRIP = NO;
				DEBUG_INFORMATION_FORMAT = "dwarf-with-dsym";
				ENABLE_NS_ASSERTIONS = NO;
				ENABLE_STRICT_OBJC_MSGSEND = YES;
				ENABLE_USER_SCRIPT_SANDBOXING = YES;
				GCC_C_LANGUAGE_STANDARD = gnu17;
				GCC_NO_COMMON_BLOCKS = YES;
				GCC_WARN_64_TO_32_BIT_CONVERSION = YES;
				GCC_WARN_ABOUT_RETURN_TYPE = YES_ERROR;
				GCC_WARN_UNDECLARED_SELECTOR = YES;
				GCC_WARN_UNINITIALIZED_AUTOS = YES_AGGRESSIVE;
				GCC_WARN_UNUSED_FUNCTION = YES;
				GCC_WARN_UNUSED_VARIABLE = YES;
				IPHONEOS_DEPLOYMENT_TARGET = 18.1;
				LOCALIZATION_PREFERS_STRING_CATALOGS = YES;
				MTL_ENABLE_DEBUG_INFO = NO;
				MTL_FAST_MATH = YES;
				SDKROOT = iphoneos;
				SWIFT_COMPILATION_MODE = wholemodule;
				VALIDATE_PRODUCT = YES;
			};
			name = Release;
		};
		150723622DDF4F4200818E08 /* Debug */ = {
			isa = XCBuildConfiguration;
			buildSettings = {
				ASSETCATALOG_COMPILER_APPICON_NAME = AppIcon;
				ASSETCATALOG_COMPILER_GLOBAL_ACCENT_COLOR_NAME = AccentColor;
				CODE_SIGN_STYLE = Automatic;
				CURRENT_PROJECT_VERSION = 1;
				DEVELOPMENT_ASSET_PATHS = "\"FoodAnalyzer/Preview Content\"";
				ENABLE_PREVIEWS = YES;
				GENERATE_INFOPLIST_FILE = YES;
				INFOPLIST_KEY_NSCameraUsageDescription = "We need access to your camera to take photos of food for analysis.";
				INFOPLIST_KEY_NSPhotoLibraryAddUsageDescription = "We need access to your photos to analyze food images.";
				INFOPLIST_KEY_UIApplicationSceneManifest_Generation = YES;
				INFOPLIST_KEY_UIApplicationSupportsIndirectInputEvents = YES;
				INFOPLIST_KEY_UILaunchScreen_Generation = YES;
				INFOPLIST_KEY_UISupportedInterfaceOrientations_iPad = "UIInterfaceOrientationPortrait UIInterfaceOrientationPortraitUpsideDown UIInterfaceOrientationLandscapeLeft UIInterfaceOrientationLandscapeRight";
				INFOPLIST_KEY_UISupportedInterfaceOrientations_iPhone = "UIInterfaceOrientationPortrait UIInterfaceOrientationLandscapeLeft UIInterfaceOrientationLandscapeRight";
				LD_RUNPATH_SEARCH_PATHS = (
					"$(inherited)",
					"@executable_path/Frameworks",
				);
				MARKETING_VERSION = 1.0;
				PRODUCT_BUNDLE_IDENTIFIER = org.FoodAnalyzer.FoodAnalyzer;
				PRODUCT_NAME = "$(TARGET_NAME)";
				SWIFT_EMIT_LOC_STRINGS = YES;
				SWIFT_VERSION = 5.0;
				TARGETED_DEVICE_FAMILY = "1,2";
			};
			name = Debug;
		};
		150723632DDF4F4200818E08 /* Release */ = {
			isa = XCBuildConfiguration;
			buildSettings = {
				ASSETCATALOG_COMPILER_APPICON_NAME = AppIcon;
				ASSETCATALOG_COMPILER_GLOBAL_ACCENT_COLOR_NAME = AccentColor;
				CODE_SIGN_STYLE = Automatic;
				CURRENT_PROJECT_VERSION = 1;
				DEVELOPMENT_ASSET_PATHS = "\"FoodAnalyzer/Preview Content\"";
				ENABLE_PREVIEWS = YES;
				GENERATE_INFOPLIST_FILE = YES;
				INFOPLIST_KEY_NSCameraUsageDescription = "We need access to your camera to take photos of food for analysis.";
				INFOPLIST_KEY_NSPhotoLibraryAddUsageDescription = "We need access to your photos to analyze food images.";
				INFOPLIST_KEY_UIApplicationSceneManifest_Generation = YES;
				INFOPLIST_KEY_UIApplicationSupportsIndirectInputEvents = YES;
				INFOPLIST_KEY_UILaunchScreen_Generation = YES;
				INFOPLIST_KEY_UISupportedInterfaceOrientations_iPad = "UIInterfaceOrientationPortrait UIInterfaceOrientationPortraitUpsideDown UIInterfaceOrientationLandscapeLeft UIInterfaceOrientationLandscapeRight";
				INFOPLIST_KEY_UISupportedInterfaceOrientations_iPhone = "UIInterfaceOrientationPortrait UIInterfaceOrientationLandscapeLeft UIInterfaceOrientationLandscapeRight";
				LD_RUNPATH_SEARCH_PATHS = (
					"$(inherited)",
					"@executable_path/Frameworks",
				);
				MARKETING_VERSION = 1.0;
				PRODUCT_BUNDLE_IDENTIFIER = org.FoodAnalyzer.FoodAnalyzer;
				PRODUCT_NAME = "$(TARGET_NAME)";
				SWIFT_EMIT_LOC_STRINGS = YES;
				SWIFT_VERSION = 5.0;
				TARGETED_DEVICE_FAMILY = "1,2";
			};
			name = Release;
		};
		150723652DDF4F4200818E08 /* Debug */ = {
			isa = XCBuildConfiguration;
			buildSettings = {
				BUNDLE_LOADER = "$(TEST_HOST)";
				CODE_SIGN_STYLE = Automatic;
				CURRENT_PROJECT_VERSION = 1;
				GENERATE_INFOPLIST_FILE = YES;
				IPHONEOS_DEPLOYMENT_TARGET = 18.1;
				MARKETING_VERSION = 1.0;
				PRODUCT_BUNDLE_IDENTIFIER = org.FoodAnalyzer.FoodAnalyzerTests;
				PRODUCT_NAME = "$(TARGET_NAME)";
				SWIFT_EMIT_LOC_STRINGS = NO;
				SWIFT_VERSION = 5.0;
				TARGETED_DEVICE_FAMILY = "1,2";
				TEST_HOST = "$(BUILT_PRODUCTS_DIR)/FoodAnalyzer.app/$(BUNDLE_EXECUTABLE_FOLDER_PATH)/FoodAnalyzer";
			};
			name = Debug;
		};
		150723662DDF4F4200818E08 /* Release */ = {
			isa = XCBuildConfiguration;
			buildSettings = {
				BUNDLE_LOADER = "$(TEST_HOST)";
				CODE_SIGN_STYLE = Automatic;
				CURRENT_PROJECT_VERSION = 1;
				GENERATE_INFOPLIST_FILE = YES;
				IPHONEOS_DEPLOYMENT_TARGET = 18.1;
				MARKETING_VERSION = 1.0;
				PRODUCT_BUNDLE_IDENTIFIER = org.FoodAnalyzer.FoodAnalyzerTests;
				PRODUCT_NAME = "$(TARGET_NAME)";
				SWIFT_EMIT_LOC_STRINGS = NO;
				SWIFT_VERSION = 5.0;
				TARGETED_DEVICE_FAMILY = "1,2";
				TEST_HOST = "$(BUILT_PRODUCTS_DIR)/FoodAnalyzer.app/$(BUNDLE_EXECUTABLE_FOLDER_PATH)/FoodAnalyzer";
			};
			name = Release;
		};
		150723682DDF4F4200818E08 /* Debug */ = {
			isa = XCBuildConfiguration;
			buildSettings = {
				CODE_SIGN_STYLE = Automatic;
				CURRENT_PROJECT_VERSION = 1;
				GENERATE_INFOPLIST_FILE = YES;
				MARKETING_VERSION = 1.0;
				PRODUCT_BUNDLE_IDENTIFIER = org.FoodAnalyzer.FoodAnalyzerUITests;
				PRODUCT_NAME = "$(TARGET_NAME)";
				SWIFT_EMIT_LOC_STRINGS = NO;
				SWIFT_VERSION = 5.0;
				TARGETED_DEVICE_FAMILY = "1,2";
				TEST_TARGET_NAME = FoodAnalyzer;
			};
			name = Debug;
		};
		150723692DDF4F4200818E08 /* Release */ = {
			isa = XCBuildConfiguration;
			buildSettings = {
				CODE_SIGN_STYLE = Automatic;
				CURRENT_PROJECT_VERSION = 1;
				GENERATE_INFOPLIST_FILE = YES;
				MARKETING_VERSION = 1.0;
				PRODUCT_BUNDLE_IDENTIFIER = org.FoodAnalyzer.FoodAnalyzerUITests;
				PRODUCT_NAME = "$(TARGET_NAME)";
				SWIFT_EMIT_LOC_STRINGS = NO;
				SWIFT_VERSION = 5.0;
				TARGETED_DEVICE_FAMILY = "1,2";
				TEST_TARGET_NAME = FoodAnalyzer;
			};
			name = Release;
		};
/* End XCBuildConfiguration section */

/* Begin XCConfigurationList section */
		150723382DDF4F3800818E08 /* Build configuration list for PBXProject "FoodAnalyzer" */ = {
			isa = XCConfigurationList;
			buildConfigurations = (
				1507235F2DDF4F4200818E08 /* Debug */,
				150723602DDF4F4200818E08 /* Release */,
			);
			defaultConfigurationIsVisible = 0;
			defaultConfigurationName = Release;
		};
		150723612DDF4F4200818E08 /* Build configuration list for PBXNativeTarget "FoodAnalyzer" */ = {
			isa = XCConfigurationList;
			buildConfigurations = (
				150723622DDF4F4200818E08 /* Debug */,
				150723632DDF4F4200818E08 /* Release */,
			);
			defaultConfigurationIsVisible = 0;
			defaultConfigurationName = Release;
		};
		150723642DDF4F4200818E08 /* Build configuration list for PBXNativeTarget "FoodAnalyzerTests" */ = {
			isa = XCConfigurationList;
			buildConfigurations = (
				150723652DDF4F4200818E08 /* Debug */,
				150723662DDF4F4200818E08 /* Release */,
			);
			defaultConfigurationIsVisible = 0;
			defaultConfigurationName = Release;
		};
		150723672DDF4F4200818E08 /* Build configuration list for PBXNativeTarget "FoodAnalyzerUITests" */ = {
			isa = XCConfigurationList;
			buildConfigurations = (
				150723682DDF4F4200818E08 /* Debug */,
				150723692DDF4F4200818E08 /* Release */,
			);
			defaultConfigurationIsVisible = 0;
			defaultConfigurationName = Release;
		};
/* End XCConfigurationList section */
	};
	rootObject = 150723352DDF4F3800818E08 /* Project object */;
}
